
Microsoft Visual Studio Solution File, Format Version 12.00
# Visual Studio Version 17
VisualStudioVersion = 17.14.36327.8
MinimumVisualStudioVersion = 10.0.40219.1
Project("{FAE04EC0-301F-11D3-BF4B-00C04F79EFBC}") = "SzarnysegedP", "SzarnysegedP\SzarnysegedP.csproj", "{1568D395-803B-4E72-9C42-AA304F470DE3}"
EndProject
Project("{FAE04EC0-301F-11D3-BF4B-00C04F79EFBC}") = "ErnyosKozoApi", "..\ErnyosKozoApiSolution\ErnyosKozoApi\ErnyosKozoApi.csproj", "{5298A265-B4E7-10C3-2AE7-F180D3C5F962}"
EndProject
Global
	GlobalSection(SolutionConfigurationPlatforms) = preSolution
		Debug|Any CPU = Debug|Any CPU
		Release|Any CPU = Release|Any CPU
	EndGlobalSection
	GlobalSection(ProjectConfigurationPlatforms) = postSolution
		{1568D395-803B-4E72-9C42-AA304F470DE3}.Debug|Any CPU.ActiveCfg = Debug|Any CPU
		{1568D395-803B-4E72-9C42-AA304F470DE3}.Debug|Any CPU.Build.0 = Debug|Any CPU
		{1568D395-803B-4E72-9C42-AA304F470DE3}.Release|Any CPU.ActiveCfg = Release|Any CPU
		{1568D395-803B-4E72-9C42-AA304F470DE3}.Release|Any CPU.Build.0 = Release|Any CPU
		{5298A265-B4E7-10C3-2AE7-F180D3C5F962}.Debug|Any CPU.ActiveCfg = Debug|Any CPU
		{5298A265-B4E7-10C3-2AE7-F180D3C5F962}.Debug|Any CPU.Build.0 = Debug|Any CPU
		{5298A265-B4E7-10C3-2AE7-F180D3C5F962}.Release|Any CPU.ActiveCfg = Release|Any CPU
		{5298A265-B4E7-10C3-2AE7-F180D3C5F962}.Release|Any CPU.Build.0 = Release|Any CPU
	EndGlobalSection
	GlobalSection(SolutionProperties) = preSolution
		HideSolutionNode = FALSE
	EndGlobalSection
	GlobalSection(ExtensibilityGlobals) = postSolution
		SolutionGuid = {AED85967-9390-4A2D-9F68-ACFD06894559}
	EndGlobalSection
EndGlobal
